{
	"name": "sublime-autoprefixer",
	"lockfileVersion": 2,
	"requires": true,
	"packages": {
		"": {
			"dependencies": {
				"autoprefixer": "^10.2.5",
				"get-stdin": "^8.0.0",
				"postcss": "^8.2.8",
				"postcss-safe-parser": "^5.0.2",
				"postcss-scss": "^3.0.5"
			}
		},
		"node_modules/autoprefixer": {
			"version": "10.2.5",
			"resolved": "https://registry.npmjs.org/autoprefixer/-/autoprefixer-10.2.5.tgz",
			"integrity": "sha512-7H4AJZXvSsn62SqZyJCP+1AWwOuoYpUfK6ot9vm0e87XD6mT8lDywc9D9OTJPMULyGcvmIxzTAMeG2Cc+YX+fA==",
			"dependencies": {
				"browserslist": "^4.16.3",
				"caniuse-lite": "^1.0.30001196",
				"colorette": "^1.2.2",
				"fraction.js": "^4.0.13",
				"normalize-range": "^0.1.2",
				"postcss-value-parser": "^4.1.0"
			},
			"bin": {
				"autoprefixer": "bin/autoprefixer"
			},
			"engines": {
				"node": "^10 || ^12 || >=14"
			},
			"funding": {
				"type": "opencollective",
				"url": "https://opencollective.com/postcss/"
			},
			"peerDependencies": {
				"postcss": "^8.1.0"
			}
		},
		"node_modules/browserslist": {
			"version": "4.16.3",
			"resolved": "https://registry.npmjs.org/browserslist/-/browserslist-4.16.3.tgz",
			"integrity": "sha512-vIyhWmIkULaq04Gt93txdh+j02yX/JzlyhLYbV3YQCn/zvES3JnY7TifHHvvr1w5hTDluNKMkV05cs4vy8Q7sw==",
			"dependencies": {
				"caniuse-lite": "^1.0.30001181",
				"colorette": "^1.2.1",
				"electron-to-chromium": "^1.3.649",
				"escalade": "^3.1.1",
				"node-releases": "^1.1.70"
			},
			"bin": {
				"browserslist": "cli.js"
			},
			"engines": {
				"node": "^6 || ^7 || ^8 || ^9 || ^10 || ^11 || ^12 || >=13.7"
			},
			"funding": {
				"type": "opencollective",
				"url": "https://opencollective.com/browserslist"
			}
		},
		"node_modules/caniuse-lite": {
			"version": "1.0.30001199",
			"resolved": "https://registry.npmjs.org/caniuse-lite/-/caniuse-lite-1.0.30001199.tgz",
			"integrity": "sha512-ifbK2eChUCFUwGhlEzIoVwzFt1+iriSjyKKFYNfv6hN34483wyWpLLavYQXhnR036LhkdUYaSDpHg1El++VgHQ=="
		},
		"node_modules/colorette": {
			"version": "1.2.2",
			"resolved": "https://registry.npmjs.org/colorette/-/colorette-1.2.2.tgz",
			"integrity": "sha512-MKGMzyfeuutC/ZJ1cba9NqcNpfeqMUcYmyF1ZFY6/Cn7CNSAKx6a+s48sqLqyAiZuaP2TcqMhoo+dlwFnVxT9w=="
		},
		"node_modules/electron-to-chromium": {
			"version": "1.3.687",
			"resolved": "https://registry.npmjs.org/electron-to-chromium/-/electron-to-chromium-1.3.687.tgz",
			"integrity": "sha512-IpzksdQNl3wdgkzf7dnA7/v10w0Utf1dF2L+B4+gKrloBrxCut+au+kky3PYvle3RMdSxZP+UiCZtLbcYRxSNQ=="
		},
		"node_modules/escalade": {
			"version": "3.1.1",
			"resolved": "https://registry.npmjs.org/escalade/-/escalade-3.1.1.tgz",
			"integrity": "sha512-k0er2gUkLf8O0zKJiAhmkTnJlTvINGv7ygDNPbeIsX/TJjGJZHuh9B2UxbsaEkmlEo9MfhrSzmhIlhRlI2GXnw==",
			"engines": {
				"node": ">=6"
			}
		},
		"node_modules/fraction.js": {
			"version": "4.0.13",
			"resolved": "https://registry.npmjs.org/fraction.js/-/fraction.js-4.0.13.tgz",
			"integrity": "sha512-E1fz2Xs9ltlUp+qbiyx9wmt2n9dRzPsS11Jtdb8D2o+cC7wr9xkkKsVKJuBX0ST+LVS+LhLO+SbLJNtfWcJvXA==",
			"engines": {
				"node": "*"
			}
		},
		"node_modules/get-stdin": {
			"version": "8.0.0",
			"resolved": "https://registry.npmjs.org/get-stdin/-/get-stdin-8.0.0.tgz",
			"integrity": "sha512-sY22aA6xchAzprjyqmSEQv4UbAAzRN0L2dQB0NlN5acTTK9Don6nhoc3eAbUnpZiCANAMfd/+40kVdKfFygohg==",
			"engines": {
				"node": ">=10"
			}
		},
		"node_modules/nanoid": {
			"version": "3.1.21",
			"resolved": "https://registry.npmjs.org/nanoid/-/nanoid-3.1.21.tgz",
			"integrity": "sha512-A6oZraK4DJkAOICstsGH98dvycPr/4GGDH7ZWKmMdd3vGcOurZ6JmWFUt0DA5bzrrn2FrUjmv6mFNWvv8jpppA==",
			"bin": {
				"nanoid": "bin/nanoid.cjs"
			},
			"engines": {
				"node": "^10 || ^12 || ^13.7 || ^14 || >=15.0.1"
			}
		},
		"node_modules/node-releases": {
			"version": "1.1.71",
			"resolved": "https://registry.npmjs.org/node-releases/-/node-releases-1.1.71.tgz",
			"integrity": "sha512-zR6HoT6LrLCRBwukmrVbHv0EpEQjksO6GmFcZQQuCAy139BEsoVKPYnf3jongYW83fAa1torLGYwxxky/p28sg=="
		},
		"node_modules/normalize-range": {
			"version": "0.1.2",
			"resolved": "https://registry.npmjs.org/normalize-range/-/normalize-range-0.1.2.tgz",
			"integrity": "sha1-LRDAa9/TEuqXd2laTShDlFa3WUI=",
			"engines": {
				"node": ">=0.10.0"
			}
		},
		"node_modules/postcss": {
			"version": "8.2.8",
			"resolved": "https://registry.npmjs.org/postcss/-/postcss-8.2.8.tgz",
			"integrity": "sha512-1F0Xb2T21xET7oQV9eKuctbM9S7BC0fetoHCc4H13z0PT6haiRLP4T0ZY4XWh7iLP0usgqykT6p9B2RtOf4FPw==",
			"dependencies": {
				"colorette": "^1.2.2",
				"nanoid": "^3.1.20",
				"source-map": "^0.6.1"
			},
			"engines": {
				"node": "^10 || ^12 || >=14"
			},
			"funding": {
				"type": "opencollective",
				"url": "https://opencollective.com/postcss/"
			}
		},
		"node_modules/postcss-safe-parser": {
			"version": "5.0.2",
			"resolved": "https://registry.npmjs.org/postcss-safe-parser/-/postcss-safe-parser-5.0.2.tgz",
			"integrity": "sha512-jDUfCPJbKOABhwpUKcqCVbbXiloe/QXMcbJ6Iipf3sDIihEzTqRCeMBfRaOHxhBuTYqtASrI1KJWxzztZU4qUQ==",
			"dependencies": {
				"postcss": "^8.1.0"
			},
			"engines": {
				"node": ">=10.0"
			}
		},
		"node_modules/postcss-scss": {
			"version": "3.0.5",
			"resolved": "https://registry.npmjs.org/postcss-scss/-/postcss-scss-3.0.5.tgz",
			"integrity": "sha512-3e0qYk87eczfzg5P73ZVuuxEGCBfatRhPze6KrSaIbEKVtmnFI1RYp1Fv+AyZi+w8kcNRSPeNX6ap4b65zEkiA==",
			"dependencies": {
				"postcss": "^8.2.7"
			},
			"engines": {
				"node": ">=10.0"
			},
			"funding": {
				"type": "opencollective",
				"url": "https://opencollective.com/postcss/"
			}
		},
		"node_modules/postcss-value-parser": {
			"version": "4.1.0",
			"resolved": "https://registry.npmjs.org/postcss-value-parser/-/postcss-value-parser-4.1.0.tgz",
			"integrity": "sha512-97DXOFbQJhk71ne5/Mt6cOu6yxsSfM0QGQyl0L25Gca4yGWEGJaig7l7gbCX623VqTBNGLRLaVUCnNkcedlRSQ=="
		},
		"node_modules/source-map": {
			"version": "0.6.1",
			"resolved": "https://registry.npmjs.org/source-map/-/source-map-0.6.1.tgz",
			"integrity": "sha512-UjgapumWlbMhkBgzT7Ykc5YXUT46F0iKu8SGXq0bcwP5dz/h0Plj6enJqjz1Zbq2l5WaqYnrVbwWOWMyF3F47g==",
			"engines": {
				"node": ">=0.10.0"
			}
		}
	},
	"dependencies": {
		"autoprefixer": {
			"version": "10.2.5",
			"resolved": "https://registry.npmjs.org/autoprefixer/-/autoprefixer-10.2.5.tgz",
			"integrity": "sha512-7H4AJZXvSsn62SqZyJCP+1AWwOuoYpUfK6ot9vm0e87XD6mT8lDywc9D9OTJPMULyGcvmIxzTAMeG2Cc+YX+fA==",
			"requires": {
				"browserslist": "^4.16.3",
				"caniuse-lite": "^1.0.30001196",
				"colorette": "^1.2.2",
				"fraction.js": "^4.0.13",
				"normalize-range": "^0.1.2",
				"postcss-value-parser": "^4.1.0"
			}
		},
		"browserslist": {
			"version": "4.16.3",
			"resolved": "https://registry.npmjs.org/browserslist/-/browserslist-4.16.3.tgz",
			"integrity": "sha512-vIyhWmIkULaq04Gt93txdh+j02yX/JzlyhLYbV3YQCn/zvES3JnY7TifHHvvr1w5hTDluNKMkV05cs4vy8Q7sw==",
			"requires": {
				"caniuse-lite": "^1.0.30001181",
				"colorette": "^1.2.1",
				"electron-to-chromium": "^1.3.649",
				"escalade": "^3.1.1",
				"node-releases": "^1.1.70"
			}
		},
		"caniuse-lite": {
			"version": "1.0.30001199",
			"resolved": "https://registry.npmjs.org/caniuse-lite/-/caniuse-lite-1.0.30001199.tgz",
			"integrity": "sha512-ifbK2eChUCFUwGhlEzIoVwzFt1+iriSjyKKFYNfv6hN34483wyWpLLavYQXhnR036LhkdUYaSDpHg1El++VgHQ=="
		},
		"colorette": {
			"version": "1.2.2",
			"resolved": "https://registry.npmjs.org/colorette/-/colorette-1.2.2.tgz",
			"integrity": "sha512-MKGMzyfeuutC/ZJ1cba9NqcNpfeqMUcYmyF1ZFY6/Cn7CNSAKx6a+s48sqLqyAiZuaP2TcqMhoo+dlwFnVxT9w=="
		},
		"electron-to-chromium": {
			"version": "1.3.687",
			"resolved": "https://registry.npmjs.org/electron-to-chromium/-/electron-to-chromium-1.3.687.tgz",
			"integrity": "sha512-IpzksdQNl3wdgkzf7dnA7/v10w0Utf1dF2L+B4+gKrloBrxCut+au+kky3PYvle3RMdSxZP+UiCZtLbcYRxSNQ=="
		},
		"escalade": {
			"version": "3.1.1",
			"resolved": "https://registry.npmjs.org/escalade/-/escalade-3.1.1.tgz",
			"integrity": "sha512-k0er2gUkLf8O0zKJiAhmkTnJlTvINGv7ygDNPbeIsX/TJjGJZHuh9B2UxbsaEkmlEo9MfhrSzmhIlhRlI2GXnw=="
		},
		"fraction.js": {
			"version": "4.0.13",
			"resolved": "https://registry.npmjs.org/fraction.js/-/fraction.js-4.0.13.tgz",
			"integrity": "sha512-E1fz2Xs9ltlUp+qbiyx9wmt2n9dRzPsS11Jtdb8D2o+cC7wr9xkkKsVKJuBX0ST+LVS+LhLO+SbLJNtfWcJvXA=="
		},
		"get-stdin": {
			"version": "8.0.0",
			"resolved": "https://registry.npmjs.org/get-stdin/-/get-stdin-8.0.0.tgz",
			"integrity": "sha512-sY22aA6xchAzprjyqmSEQv4UbAAzRN0L2dQB0NlN5acTTK9Don6nhoc3eAbUnpZiCANAMfd/+40kVdKfFygohg=="
		},
		"nanoid": {
			"version": "3.1.21",
			"resolved": "https://registry.npmjs.org/nanoid/-/nanoid-3.1.21.tgz",
			"integrity": "sha512-A6oZraK4DJkAOICstsGH98dvycPr/4GGDH7ZWKmMdd3vGcOurZ6JmWFUt0DA5bzrrn2FrUjmv6mFNWvv8jpppA=="
		},
		"node-releases": {
			"version": "1.1.71",
			"resolved": "https://registry.npmjs.org/node-releases/-/node-releases-1.1.71.tgz",
			"integrity": "sha512-zR6HoT6LrLCRBwukmrVbHv0EpEQjksO6GmFcZQQuCAy139BEsoVKPYnf3jongYW83fAa1torLGYwxxky/p28sg=="
		},
		"normalize-range": {
			"version": "0.1.2",
			"resolved": "https://registry.npmjs.org/normalize-range/-/normalize-range-0.1.2.tgz",
			"integrity": "sha1-LRDAa9/TEuqXd2laTShDlFa3WUI="
		},
		"postcss": {
			"version": "8.2.8",
			"resolved": "https://registry.npmjs.org/postcss/-/postcss-8.2.8.tgz",
			"integrity": "sha512-1F0Xb2T21xET7oQV9eKuctbM9S7BC0fetoHCc4H13z0PT6haiRLP4T0ZY4XWh7iLP0usgqykT6p9B2RtOf4FPw==",
			"requires": {
				"colorette": "^1.2.2",
				"nanoid": "^3.1.20",
				"source-map": "^0.6.1"
			}
		},
		"postcss-safe-parser": {
			"version": "5.0.2",
			"resolved": "https://registry.npmjs.org/postcss-safe-parser/-/postcss-safe-parser-5.0.2.tgz",
			"integrity": "sha512-jDUfCPJbKOABhwpUKcqCVbbXiloe/QXMcbJ6Iipf3sDIihEzTqRCeMBfRaOHxhBuTYqtASrI1KJWxzztZU4qUQ==",
			"requires": {
				"postcss": "^8.1.0"
			}
		},
		"postcss-scss": {
			"version": "3.0.5",
			"resolved": "https://registry.npmjs.org/postcss-scss/-/postcss-scss-3.0.5.tgz",
			"integrity": "sha512-3e0qYk87eczfzg5P73ZVuuxEGCBfatRhPze6KrSaIbEKVtmnFI1RYp1Fv+AyZi+w8kcNRSPeNX6ap4b65zEkiA==",
			"requires": {
				"postcss": "^8.2.7"
			}
		},
		"postcss-value-parser": {
			"version": "4.1.0",
			"resolved": "https://registry.npmjs.org/postcss-value-parser/-/postcss-value-parser-4.1.0.tgz",
			"integrity": "sha512-97DXOFbQJhk71ne5/Mt6cOu6yxsSfM0QGQyl0L25Gca4yGWEGJaig7l7gbCX623VqTBNGLRLaVUCnNkcedlRSQ=="
		},
		"source-map": {
			"version": "0.6.1",
			"resolved": "https://registry.npmjs.org/source-map/-/source-map-0.6.1.tgz",
			"integrity": "sha512-UjgapumWlbMhkBgzT7Ykc5YXUT46F0iKu8SGXq0bcwP5dz/h0Plj6enJqjz1Zbq2l5WaqYnrVbwWOWMyF3F47g=="
		}
	}
}
